
Microsoft Visual Studio Solution File, Format Version 12.00
# Visual Studio Version 16
VisualStudioVersion = 16.0.33927.289
MinimumVisualStudioVersion = 10.0.40219.1
Project("{FAE04EC0-301F-11D3-BF4B-00C04F79EFBC}") = "Task(2)Asp.netEmployeeDetails", "Task(2)Asp.netEmployeeDetails\Task(2)Asp.netEmployeeDetails.csproj", "{C1B9D5C0-572D-43D8-9573-791250A146AB}"
EndProject
Global
	GlobalSection(SolutionConfigurationPlatforms) = preSolution
		Debug|Any CPU = Debug|Any CPU
		Release|Any CPU = Release|Any CPU
	EndGlobalSection
	GlobalSection(ProjectConfigurationPlatforms) = postSolution
		{C1B9D5C0-572D-43D8-9573-791250A146AB}.Debug|Any CPU.ActiveCfg = Debug|Any CPU
		{C1B9D5C0-572D-43D8-9573-791250A146AB}.Debug|Any CPU.Build.0 = Debug|Any CPU
		{C1B9D5C0-572D-43D8-9573-791250A146AB}.Release|Any CPU.ActiveCfg = Release|Any CPU
		{C1B9D5C0-572D-43D8-9573-791250A146AB}.Release|Any CPU.Build.0 = Release|Any CPU
	EndGlobalSection
	GlobalSection(SolutionProperties) = preSolution
		HideSolutionNode = FALSE
	EndGlobalSection
	GlobalSection(ExtensibilityGlobals) = postSolution
		SolutionGuid = {70FF8285-B5AA-4FD0-A994-F2F50C5EB6DC}
	EndGlobalSection
EndGlobal
